
Microsoft Visual Studio Solution File, Format Version 12.00
# Visual Studio Version 17
VisualStudioVersion = 17.1.32228.430
MinimumVisualStudioVersion = 15.0.26124.0
Project("{2150E333-8FDC-42A3-9474-1A3956D46DE8}") = "src", "src", "{FCD1A19D-1A8F-4EA9-82C8-D5F84560416E}"
EndProject
Project("{9A19103F-16F7-4668-BE54-9A1E7A4F7556}") = "Ardalis.HttpClientTestExtensions", "src\Ardalis.HttpClientTestExtensions\Ardalis.HttpClientTestExtensions.csproj", "{A7D96E4C-EA13-4A4D-BEF8-6DA31F608AC0}"
EndProject
Project("{2150E333-8FDC-42A3-9474-1A3956D46DE8}") = "tests", "tests", "{24E2FFCD-C15D-4B9F-9047-1E3F6278BC17}"
EndProject
Project("{FAE04EC0-301F-11D3-BF4B-00C04F79EFBC}") = "Ardalis.HttpClientTestExtensions.Tests", "tests\Ardalis.HttpClientTestExtensions.Tests\Ardalis.HttpClientTestExtensions.Tests.csproj", "{575B9558-0AD6-4B46-BB8D-0C32953B6BD4}"
EndProject
Project("{9A19103F-16F7-4668-BE54-9A1E7A4F7556}") = "Ardalis.HttpClientTestExtensions.Api", "tests\Ardalis.HttpClientTestExtensions.Api\Ardalis.HttpClientTestExtensions.Api.csproj", "{717D768A-A870-4033-A52E-1DAC6FEEB097}"
EndProject
Project("{9A19103F-16F7-4668-BE54-9A1E7A4F7556}") = "Ardalis.HttpClientTestExtensions.Core", "tests\Ardalis.HttpClientTestExtensions.Core\Ardalis.HttpClientTestExtensions.Core.csproj", "{08738036-8F95-4F38-A96F-D38E371458EE}"
EndProject
Project("{9A19103F-16F7-4668-BE54-9A1E7A4F7556}") = "Ardalis.HttpClientTestExtensions.Infrastructure", "tests\Ardalis.HttpClientTestExtensions.Infrastructure\Ardalis.HttpClientTestExtensions.Infrastructure.csproj", "{8F45C5FD-B232-4C5E-8DBC-DCCD8C303B37}"
EndProject
Project("{9A19103F-16F7-4668-BE54-9A1E7A4F7556}") = "Ardalis.HttpClientTestExtensions.SharedKernel", "tests\Ardalis.HttpClientTestExtensions.SharedKernel\Ardalis.HttpClientTestExtensions.SharedKernel.csproj", "{ED9B58BF-3B31-4DE3-AEF2-1A922C645296}"
EndProject
Global
	GlobalSection(SolutionConfigurationPlatforms) = preSolution
		Debug|Any CPU = Debug|Any CPU
		Release|Any CPU = Release|Any CPU
	EndGlobalSection
	GlobalSection(ProjectConfigurationPlatforms) = postSolution
		{A7D96E4C-EA13-4A4D-BEF8-6DA31F608AC0}.Debug|Any CPU.ActiveCfg = Debug|Any CPU
		{A7D96E4C-EA13-4A4D-BEF8-6DA31F608AC0}.Debug|Any CPU.Build.0 = Debug|Any CPU
		{A7D96E4C-EA13-4A4D-BEF8-6DA31F608AC0}.Release|Any CPU.ActiveCfg = Release|Any CPU
		{A7D96E4C-EA13-4A4D-BEF8-6DA31F608AC0}.Release|Any CPU.Build.0 = Release|Any CPU
		{575B9558-0AD6-4B46-BB8D-0C32953B6BD4}.Debug|Any CPU.ActiveCfg = Debug|Any CPU
		{575B9558-0AD6-4B46-BB8D-0C32953B6BD4}.Debug|Any CPU.Build.0 = Debug|Any CPU
		{575B9558-0AD6-4B46-BB8D-0C32953B6BD4}.Release|Any CPU.ActiveCfg = Release|Any CPU
		{575B9558-0AD6-4B46-BB8D-0C32953B6BD4}.Release|Any CPU.Build.0 = Release|Any CPU
		{717D768A-A870-4033-A52E-1DAC6FEEB097}.Debug|Any CPU.ActiveCfg = Debug|Any CPU
		{717D768A-A870-4033-A52E-1DAC6FEEB097}.Debug|Any CPU.Build.0 = Debug|Any CPU
		{717D768A-A870-4033-A52E-1DAC6FEEB097}.Release|Any CPU.ActiveCfg = Release|Any CPU
		{717D768A-A870-4033-A52E-1DAC6FEEB097}.Release|Any CPU.Build.0 = Release|Any CPU
		{08738036-8F95-4F38-A96F-D38E371458EE}.Debug|Any CPU.ActiveCfg = Debug|Any CPU
		{08738036-8F95-4F38-A96F-D38E371458EE}.Debug|Any CPU.Build.0 = Debug|Any CPU
		{08738036-8F95-4F38-A96F-D38E371458EE}.Release|Any CPU.ActiveCfg = Release|Any CPU
		{08738036-8F95-4F38-A96F-D38E371458EE}.Release|Any CPU.Build.0 = Release|Any CPU
		{8F45C5FD-B232-4C5E-8DBC-DCCD8C303B37}.Debug|Any CPU.ActiveCfg = Debug|Any CPU
		{8F45C5FD-B232-4C5E-8DBC-DCCD8C303B37}.Debug|Any CPU.Build.0 = Debug|Any CPU
		{8F45C5FD-B232-4C5E-8DBC-DCCD8C303B37}.Release|Any CPU.ActiveCfg = Release|Any CPU
		{8F45C5FD-B232-4C5E-8DBC-DCCD8C303B37}.Release|Any CPU.Build.0 = Release|Any CPU
		{ED9B58BF-3B31-4DE3-AEF2-1A922C645296}.Debug|Any CPU.ActiveCfg = Debug|Any CPU
		{ED9B58BF-3B31-4DE3-AEF2-1A922C645296}.Debug|Any CPU.Build.0 = Debug|Any CPU
		{ED9B58BF-3B31-4DE3-AEF2-1A922C645296}.Release|Any CPU.ActiveCfg = Release|Any CPU
		{ED9B58BF-3B31-4DE3-AEF2-1A922C645296}.Release|Any CPU.Build.0 = Release|Any CPU
	EndGlobalSection
	GlobalSection(SolutionProperties) = preSolution
		HideSolutionNode = FALSE
	EndGlobalSection
	GlobalSection(NestedProjects) = preSolution
		{A7D96E4C-EA13-4A4D-BEF8-6DA31F608AC0} = {FCD1A19D-1A8F-4EA9-82C8-D5F84560416E}
		{575B9558-0AD6-4B46-BB8D-0C32953B6BD4} = {24E2FFCD-C15D-4B9F-9047-1E3F6278BC17}
		{717D768A-A870-4033-A52E-1DAC6FEEB097} = {24E2FFCD-C15D-4B9F-9047-1E3F6278BC17}
		{08738036-8F95-4F38-A96F-D38E371458EE} = {24E2FFCD-C15D-4B9F-9047-1E3F6278BC17}
		{8F45C5FD-B232-4C5E-8DBC-DCCD8C303B37} = {24E2FFCD-C15D-4B9F-9047-1E3F6278BC17}
		{ED9B58BF-3B31-4DE3-AEF2-1A922C645296} = {24E2FFCD-C15D-4B9F-9047-1E3F6278BC17}
	EndGlobalSection
	GlobalSection(ExtensibilityGlobals) = postSolution
		SolutionGuid = {99A990BE-EF40-4FDE-8F50-C43ED2C63C8D}
	EndGlobalSection
EndGlobal
